
Microsoft Visual Studio Solution File, Format Version 12.00
# Visual Studio Version 17
VisualStudioVersion = 17.0.31903.59
MinimumVisualStudioVersion = 10.0.40219.1
Project("{2150E333-8FDC-42A3-9474-1A3956D46DE8}") = "src", "src", "{827E0CD3-B72D-47B6-A68D-7590B98EB39B}"
EndProject
Project("{FAE04EC0-301F-11D3-BF4B-00C04F79EFBC}") = "TacBlog.Domain", "src\TacBlog.Domain\TacBlog.Domain.csproj", "{6F19B97B-F658-4528-85C3-5AA2CBB8479E}"
EndProject
Project("{FAE04EC0-301F-11D3-BF4B-00C04F79EFBC}") = "TacBlog.Application", "src\TacBlog.Application\TacBlog.Application.csproj", "{FC79DACF-7B0C-4AE7-9053-F88DF38D0AD1}"
EndProject
Project("{FAE04EC0-301F-11D3-BF4B-00C04F79EFBC}") = "TacBlog.Infrastructure", "src\TacBlog.Infrastructure\TacBlog.Infrastructure.csproj", "{F630AD3F-2670-4774-9909-1693FFD465A4}"
EndProject
Project("{FAE04EC0-301F-11D3-BF4B-00C04F79EFBC}") = "TacBlog.Api", "src\TacBlog.Api\TacBlog.Api.csproj", "{94C6E1AC-9D6F-44C6-9BF4-1733917A1A45}"
EndProject
Project("{2150E333-8FDC-42A3-9474-1A3956D46DE8}") = "tests", "tests", "{0AB3BF05-4346-4AA6-1389-037BE0695223}"
EndProject
Project("{FAE04EC0-301F-11D3-BF4B-00C04F79EFBC}") = "TacBlog.Acceptance.Tests", "tests\TacBlog.Acceptance.Tests\TacBlog.Acceptance.Tests.csproj", "{DF508B04-9295-435F-87AE-6CAC102EB6F5}"
EndProject
Project("{FAE04EC0-301F-11D3-BF4B-00C04F79EFBC}") = "TacBlog.Domain.Tests", "tests\TacBlog.Domain.Tests\TacBlog.Domain.Tests.csproj", "{E1BF2D1F-7CBD-4773-9DDB-8F3957241293}"
EndProject
Project("{FAE04EC0-301F-11D3-BF4B-00C04F79EFBC}") = "TacBlog.Application.Tests", "tests\TacBlog.Application.Tests\TacBlog.Application.Tests.csproj", "{FA5A3C0C-6DC9-493E-BC70-442AC32E0756}"
EndProject
Project("{FAE04EC0-301F-11D3-BF4B-00C04F79EFBC}") = "TacBlog.Api.Tests", "tests\TacBlog.Api.Tests\TacBlog.Api.Tests.csproj", "{F4CD6939-308C-4BA9-A3A7-3FF7A9C5BB81}"
EndProject
Project("{FAE04EC0-301F-11D3-BF4B-00C04F79EFBC}") = "TacBlog.Infrastructure.Tests", "tests\TacBlog.Infrastructure.Tests\TacBlog.Infrastructure.Tests.csproj", "{B2E4F8A1-3C5D-4E7F-9A2B-1D6E8C0F4A3B}"
EndProject
Project("{FAE04EC0-301F-11D3-BF4B-00C04F79EFBC}") = "TacBlog.Cli", "src\TacBlog.Cli\TacBlog.Cli.csproj", "{00AB17AE-FEB1-4ADB-ADF9-B43A68C81730}"
EndProject
Global
	GlobalSection(SolutionConfigurationPlatforms) = preSolution
		Debug|Any CPU = Debug|Any CPU
		Debug|x64 = Debug|x64
		Debug|x86 = Debug|x86
		Release|Any CPU = Release|Any CPU
		Release|x64 = Release|x64
		Release|x86 = Release|x86
	EndGlobalSection
	GlobalSection(ProjectConfigurationPlatforms) = postSolution
		{6F19B97B-F658-4528-85C3-5AA2CBB8479E}.Debug|Any CPU.ActiveCfg = Debug|Any CPU
		{6F19B97B-F658-4528-85C3-5AA2CBB8479E}.Debug|Any CPU.Build.0 = Debug|Any CPU
		{6F19B97B-F658-4528-85C3-5AA2CBB8479E}.Debug|x64.ActiveCfg = Debug|Any CPU
		{6F19B97B-F658-4528-85C3-5AA2CBB8479E}.Debug|x64.Build.0 = Debug|Any CPU
		{6F19B97B-F658-4528-85C3-5AA2CBB8479E}.Debug|x86.ActiveCfg = Debug|Any CPU
		{6F19B97B-F658-4528-85C3-5AA2CBB8479E}.Debug|x86.Build.0 = Debug|Any CPU
		{6F19B97B-F658-4528-85C3-5AA2CBB8479E}.Release|Any CPU.ActiveCfg = Release|Any CPU
		{6F19B97B-F658-4528-85C3-5AA2CBB8479E}.Release|Any CPU.Build.0 = Release|Any CPU
		{6F19B97B-F658-4528-85C3-5AA2CBB8479E}.Release|x64.ActiveCfg = Release|Any CPU
		{6F19B97B-F658-4528-85C3-5AA2CBB8479E}.Release|x64.Build.0 = Release|Any CPU
		{6F19B97B-F658-4528-85C3-5AA2CBB8479E}.Release|x86.ActiveCfg = Release|Any CPU
		{6F19B97B-F658-4528-85C3-5AA2CBB8479E}.Release|x86.Build.0 = Release|Any CPU
		{FC79DACF-7B0C-4AE7-9053-F88DF38D0AD1}.Debug|Any CPU.ActiveCfg = Debug|Any CPU
		{FC79DACF-7B0C-4AE7-9053-F88DF38D0AD1}.Debug|Any CPU.Build.0 = Debug|Any CPU
		{FC79DACF-7B0C-4AE7-9053-F88DF38D0AD1}.Debug|x64.ActiveCfg = Debug|Any CPU
		{FC79DACF-7B0C-4AE7-9053-F88DF38D0AD1}.Debug|x64.Build.0 = Debug|Any CPU
		{FC79DACF-7B0C-4AE7-9053-F88DF38D0AD1}.Debug|x86.ActiveCfg = Debug|Any CPU
		{FC79DACF-7B0C-4AE7-9053-F88DF38D0AD1}.Debug|x86.Build.0 = Debug|Any CPU
		{FC79DACF-7B0C-4AE7-9053-F88DF38D0AD1}.Release|Any CPU.ActiveCfg = Release|Any CPU
		{FC79DACF-7B0C-4AE7-9053-F88DF38D0AD1}.Release|Any CPU.Build.0 = Release|Any CPU
		{FC79DACF-7B0C-4AE7-9053-F88DF38D0AD1}.Release|x64.ActiveCfg = Release|Any CPU
		{FC79DACF-7B0C-4AE7-9053-F88DF38D0AD1}.Release|x64.Build.0 = Release|Any CPU
		{FC79DACF-7B0C-4AE7-9053-F88DF38D0AD1}.Release|x86.ActiveCfg = Release|Any CPU
		{FC79DACF-7B0C-4AE7-9053-F88DF38D0AD1}.Release|x86.Build.0 = Release|Any CPU
		{F630AD3F-2670-4774-9909-1693FFD465A4}.Debug|Any CPU.ActiveCfg = Debug|Any CPU
		{F630AD3F-2670-4774-9909-1693FFD465A4}.Debug|Any CPU.Build.0 = Debug|Any CPU
		{F630AD3F-2670-4774-9909-1693FFD465A4}.Debug|x64.ActiveCfg = Debug|Any CPU
		{F630AD3F-2670-4774-9909-1693FFD465A4}.Debug|x64.Build.0 = Debug|Any CPU
		{F630AD3F-2670-4774-9909-1693FFD465A4}.Debug|x86.ActiveCfg = Debug|Any CPU
		{F630AD3F-2670-4774-9909-1693FFD465A4}.Debug|x86.Build.0 = Debug|Any CPU
		{F630AD3F-2670-4774-9909-1693FFD465A4}.Release|Any CPU.ActiveCfg = Release|Any CPU
		{F630AD3F-2670-4774-9909-1693FFD465A4}.Release|Any CPU.Build.0 = Release|Any CPU
		{F630AD3F-2670-4774-9909-1693FFD465A4}.Release|x64.ActiveCfg = Release|Any CPU
		{F630AD3F-2670-4774-9909-1693FFD465A4}.Release|x64.Build.0 = Release|Any CPU
		{F630AD3F-2670-4774-9909-1693FFD465A4}.Release|x86.ActiveCfg = Release|Any CPU
		{F630AD3F-2670-4774-9909-1693FFD465A4}.Release|x86.Build.0 = Release|Any CPU
		{94C6E1AC-9D6F-44C6-9BF4-1733917A1A45}.Debug|Any CPU.ActiveCfg = Debug|Any CPU
		{94C6E1AC-9D6F-44C6-9BF4-1733917A1A45}.Debug|Any CPU.Build.0 = Debug|Any CPU
		{94C6E1AC-9D6F-44C6-9BF4-1733917A1A45}.Debug|x64.ActiveCfg = Debug|Any CPU
		{94C6E1AC-9D6F-44C6-9BF4-1733917A1A45}.Debug|x64.Build.0 = Debug|Any CPU
		{94C6E1AC-9D6F-44C6-9BF4-1733917A1A45}.Debug|x86.ActiveCfg = Debug|Any CPU
		{94C6E1AC-9D6F-44C6-9BF4-1733917A1A45}.Debug|x86.Build.0 = Debug|Any CPU
		{94C6E1AC-9D6F-44C6-9BF4-1733917A1A45}.Release|Any CPU.ActiveCfg = Release|Any CPU
		{94C6E1AC-9D6F-44C6-9BF4-1733917A1A45}.Release|Any CPU.Build.0 = Release|Any CPU
		{94C6E1AC-9D6F-44C6-9BF4-1733917A1A45}.Release|x64.ActiveCfg = Release|Any CPU
		{94C6E1AC-9D6F-44C6-9BF4-1733917A1A45}.Release|x64.Build.0 = Release|Any CPU
		{94C6E1AC-9D6F-44C6-9BF4-1733917A1A45}.Release|x86.ActiveCfg = Release|Any CPU
		{94C6E1AC-9D6F-44C6-9BF4-1733917A1A45}.Release|x86.Build.0 = Release|Any CPU
		{DF508B04-9295-435F-87AE-6CAC102EB6F5}.Debug|Any CPU.ActiveCfg = Debug|Any CPU
		{DF508B04-9295-435F-87AE-6CAC102EB6F5}.Debug|Any CPU.Build.0 = Debug|Any CPU
		{DF508B04-9295-435F-87AE-6CAC102EB6F5}.Debug|x64.ActiveCfg = Debug|Any CPU
		{DF508B04-9295-435F-87AE-6CAC102EB6F5}.Debug|x64.Build.0 = Debug|Any CPU
		{DF508B04-9295-435F-87AE-6CAC102EB6F5}.Debug|x86.ActiveCfg = Debug|Any CPU
		{DF508B04-9295-435F-87AE-6CAC102EB6F5}.Debug|x86.Build.0 = Debug|Any CPU
		{DF508B04-9295-435F-87AE-6CAC102EB6F5}.Release|Any CPU.ActiveCfg = Release|Any CPU
		{DF508B04-9295-435F-87AE-6CAC102EB6F5}.Release|Any CPU.Build.0 = Release|Any CPU
		{DF508B04-9295-435F-87AE-6CAC102EB6F5}.Release|x64.ActiveCfg = Release|Any CPU
		{DF508B04-9295-435F-87AE-6CAC102EB6F5}.Release|x64.Build.0 = Release|Any CPU
		{DF508B04-9295-435F-87AE-6CAC102EB6F5}.Release|x86.ActiveCfg = Release|Any CPU
		{DF508B04-9295-435F-87AE-6CAC102EB6F5}.Release|x86.Build.0 = Release|Any CPU
		{E1BF2D1F-7CBD-4773-9DDB-8F3957241293}.Debug|Any CPU.ActiveCfg = Debug|Any CPU
		{E1BF2D1F-7CBD-4773-9DDB-8F3957241293}.Debug|Any CPU.Build.0 = Debug|Any CPU
		{E1BF2D1F-7CBD-4773-9DDB-8F3957241293}.Debug|x64.ActiveCfg = Debug|Any CPU
		{E1BF2D1F-7CBD-4773-9DDB-8F3957241293}.Debug|x64.Build.0 = Debug|Any CPU
		{E1BF2D1F-7CBD-4773-9DDB-8F3957241293}.Debug|x86.ActiveCfg = Debug|Any CPU
		{E1BF2D1F-7CBD-4773-9DDB-8F3957241293}.Debug|x86.Build.0 = Debug|Any CPU
		{E1BF2D1F-7CBD-4773-9DDB-8F3957241293}.Release|Any CPU.ActiveCfg = Release|Any CPU
		{E1BF2D1F-7CBD-4773-9DDB-8F3957241293}.Release|Any CPU.Build.0 = Release|Any CPU
		{E1BF2D1F-7CBD-4773-9DDB-8F3957241293}.Release|x64.ActiveCfg = Release|Any CPU
		{E1BF2D1F-7CBD-4773-9DDB-8F3957241293}.Release|x64.Build.0 = Release|Any CPU
		{E1BF2D1F-7CBD-4773-9DDB-8F3957241293}.Release|x86.ActiveCfg = Release|Any CPU
		{E1BF2D1F-7CBD-4773-9DDB-8F3957241293}.Release|x86.Build.0 = Release|Any CPU
		{FA5A3C0C-6DC9-493E-BC70-442AC32E0756}.Debug|Any CPU.ActiveCfg = Debug|Any CPU
		{FA5A3C0C-6DC9-493E-BC70-442AC32E0756}.Debug|Any CPU.Build.0 = Debug|Any CPU
		{FA5A3C0C-6DC9-493E-BC70-442AC32E0756}.Debug|x64.ActiveCfg = Debug|Any CPU
		{FA5A3C0C-6DC9-493E-BC70-442AC32E0756}.Debug|x64.Build.0 = Debug|Any CPU
		{FA5A3C0C-6DC9-493E-BC70-442AC32E0756}.Debug|x86.ActiveCfg = Debug|Any CPU
		{FA5A3C0C-6DC9-493E-BC70-442AC32E0756}.Debug|x86.Build.0 = Debug|Any CPU
		{FA5A3C0C-6DC9-493E-BC70-442AC32E0756}.Release|Any CPU.ActiveCfg = Release|Any CPU
		{FA5A3C0C-6DC9-493E-BC70-442AC32E0756}.Release|Any CPU.Build.0 = Release|Any CPU
		{FA5A3C0C-6DC9-493E-BC70-442AC32E0756}.Release|x64.ActiveCfg = Release|Any CPU
		{FA5A3C0C-6DC9-493E-BC70-442AC32E0756}.Release|x64.Build.0 = Release|Any CPU
		{FA5A3C0C-6DC9-493E-BC70-442AC32E0756}.Release|x86.ActiveCfg = Release|Any CPU
		{FA5A3C0C-6DC9-493E-BC70-442AC32E0756}.Release|x86.Build.0 = Release|Any CPU
		{F4CD6939-308C-4BA9-A3A7-3FF7A9C5BB81}.Debug|Any CPU.ActiveCfg = Debug|Any CPU
		{F4CD6939-308C-4BA9-A3A7-3FF7A9C5BB81}.Debug|Any CPU.Build.0 = Debug|Any CPU
		{F4CD6939-308C-4BA9-A3A7-3FF7A9C5BB81}.Debug|x64.ActiveCfg = Debug|Any CPU
		{F4CD6939-308C-4BA9-A3A7-3FF7A9C5BB81}.Debug|x64.Build.0 = Debug|Any CPU
		{F4CD6939-308C-4BA9-A3A7-3FF7A9C5BB81}.Debug|x86.ActiveCfg = Debug|Any CPU
		{F4CD6939-308C-4BA9-A3A7-3FF7A9C5BB81}.Debug|x86.Build.0 = Debug|Any CPU
		{F4CD6939-308C-4BA9-A3A7-3FF7A9C5BB81}.Release|Any CPU.ActiveCfg = Release|Any CPU
		{F4CD6939-308C-4BA9-A3A7-3FF7A9C5BB81}.Release|Any CPU.Build.0 = Release|Any CPU
		{F4CD6939-308C-4BA9-A3A7-3FF7A9C5BB81}.Release|x64.ActiveCfg = Release|Any CPU
		{F4CD6939-308C-4BA9-A3A7-3FF7A9C5BB81}.Release|x64.Build.0 = Release|Any CPU
		{F4CD6939-308C-4BA9-A3A7-3FF7A9C5BB81}.Release|x86.ActiveCfg = Release|Any CPU
		{F4CD6939-308C-4BA9-A3A7-3FF7A9C5BB81}.Release|x86.Build.0 = Release|Any CPU
		{B2E4F8A1-3C5D-4E7F-9A2B-1D6E8C0F4A3B}.Debug|Any CPU.ActiveCfg = Debug|Any CPU
		{B2E4F8A1-3C5D-4E7F-9A2B-1D6E8C0F4A3B}.Debug|Any CPU.Build.0 = Debug|Any CPU
		{B2E4F8A1-3C5D-4E7F-9A2B-1D6E8C0F4A3B}.Debug|x64.ActiveCfg = Debug|Any CPU
		{B2E4F8A1-3C5D-4E7F-9A2B-1D6E8C0F4A3B}.Debug|x64.Build.0 = Debug|Any CPU
		{B2E4F8A1-3C5D-4E7F-9A2B-1D6E8C0F4A3B}.Debug|x86.ActiveCfg = Debug|Any CPU
		{B2E4F8A1-3C5D-4E7F-9A2B-1D6E8C0F4A3B}.Debug|x86.Build.0 = Debug|Any CPU
		{B2E4F8A1-3C5D-4E7F-9A2B-1D6E8C0F4A3B}.Release|Any CPU.ActiveCfg = Release|Any CPU
		{B2E4F8A1-3C5D-4E7F-9A2B-1D6E8C0F4A3B}.Release|Any CPU.Build.0 = Release|Any CPU
		{B2E4F8A1-3C5D-4E7F-9A2B-1D6E8C0F4A3B}.Release|x64.ActiveCfg = Release|Any CPU
		{B2E4F8A1-3C5D-4E7F-9A2B-1D6E8C0F4A3B}.Release|x64.Build.0 = Release|Any CPU
		{B2E4F8A1-3C5D-4E7F-9A2B-1D6E8C0F4A3B}.Release|x86.ActiveCfg = Release|Any CPU
		{B2E4F8A1-3C5D-4E7F-9A2B-1D6E8C0F4A3B}.Release|x86.Build.0 = Release|Any CPU
		{00AB17AE-FEB1-4ADB-ADF9-B43A68C81730}.Debug|Any CPU.ActiveCfg = Debug|Any CPU
		{00AB17AE-FEB1-4ADB-ADF9-B43A68C81730}.Debug|Any CPU.Build.0 = Debug|Any CPU
		{00AB17AE-FEB1-4ADB-ADF9-B43A68C81730}.Debug|x64.ActiveCfg = Debug|Any CPU
		{00AB17AE-FEB1-4ADB-ADF9-B43A68C81730}.Debug|x64.Build.0 = Debug|Any CPU
		{00AB17AE-FEB1-4ADB-ADF9-B43A68C81730}.Debug|x86.ActiveCfg = Debug|Any CPU
		{00AB17AE-FEB1-4ADB-ADF9-B43A68C81730}.Debug|x86.Build.0 = Debug|Any CPU
		{00AB17AE-FEB1-4ADB-ADF9-B43A68C81730}.Release|Any CPU.ActiveCfg = Release|Any CPU
		{00AB17AE-FEB1-4ADB-ADF9-B43A68C81730}.Release|Any CPU.Build.0 = Release|Any CPU
		{00AB17AE-FEB1-4ADB-ADF9-B43A68C81730}.Release|x64.ActiveCfg = Release|Any CPU
		{00AB17AE-FEB1-4ADB-ADF9-B43A68C81730}.Release|x64.Build.0 = Release|Any CPU
		{00AB17AE-FEB1-4ADB-ADF9-B43A68C81730}.Release|x86.ActiveCfg = Release|Any CPU
		{00AB17AE-FEB1-4ADB-ADF9-B43A68C81730}.Release|x86.Build.0 = Release|Any CPU
	EndGlobalSection
	GlobalSection(SolutionProperties) = preSolution
		HideSolutionNode = FALSE
	EndGlobalSection
	GlobalSection(NestedProjects) = preSolution
		{6F19B97B-F658-4528-85C3-5AA2CBB8479E} = {827E0CD3-B72D-47B6-A68D-7590B98EB39B}
		{FC79DACF-7B0C-4AE7-9053-F88DF38D0AD1} = {827E0CD3-B72D-47B6-A68D-7590B98EB39B}
		{F630AD3F-2670-4774-9909-1693FFD465A4} = {827E0CD3-B72D-47B6-A68D-7590B98EB39B}
		{94C6E1AC-9D6F-44C6-9BF4-1733917A1A45} = {827E0CD3-B72D-47B6-A68D-7590B98EB39B}
		{DF508B04-9295-435F-87AE-6CAC102EB6F5} = {0AB3BF05-4346-4AA6-1389-037BE0695223}
		{E1BF2D1F-7CBD-4773-9DDB-8F3957241293} = {0AB3BF05-4346-4AA6-1389-037BE0695223}
		{FA5A3C0C-6DC9-493E-BC70-442AC32E0756} = {0AB3BF05-4346-4AA6-1389-037BE0695223}
		{F4CD6939-308C-4BA9-A3A7-3FF7A9C5BB81} = {0AB3BF05-4346-4AA6-1389-037BE0695223}
		{B2E4F8A1-3C5D-4E7F-9A2B-1D6E8C0F4A3B} = {0AB3BF05-4346-4AA6-1389-037BE0695223}
		{00AB17AE-FEB1-4ADB-ADF9-B43A68C81730} = {827E0CD3-B72D-47B6-A68D-7590B98EB39B}
	EndGlobalSection
EndGlobal
